<?xml version="1.0" encoding="utf-8"?>
<Project ToolsVersion="4.0" xmlns="http://schemas.microsoft.com/developer/msbuild/2003">
  <ItemGroup>
    <Filter Include="Source Files">
      <UniqueIdentifier>{4FC737F1-C7A5-4376-A066-2A32D752A2FF}</UniqueIdentifier>
      <Extensions>cpp;c;cc;cxx;def;odl;idl;hpj;bat;asm;asmx</Extensions>
    </Filter>
    <Filter Include="Header Files">
      <UniqueIdentifier>{93995380-89BD-4b04-88EB-625FBE52EBFB}</UniqueIdentifier>
      <Extensions>h;hh;hpp;hxx;hm;inl;inc;xsd</Extensions>
    </Filter>
    <Filter Include="Resource Files">
      <UniqueIdentifier>{67DA6AB6-F800-4c08-8B7A-83BB121AAD01}</UniqueIdentifier>
      <Extensions>rc;ico;cur;bmp;dlg;rc2;rct;bin;rgs;gif;jpg;jpeg;jpe;resx;tiff;tif;png;wav;mfcribbon-ms</Extensions>
    </Filter>
  </ItemGroup>
  <ItemGroup>
    <ClCompile Include="Source.cpp">
      <Filter>Source Files</Filter>
    </ClCompile>
    <ClCompile Include="MovieClip\LTexture.cpp">
      <Filter>Source Files</Filter>
    </ClCompile>
    <ClCompile Include="MovieClip\MovieClip.cpp">
      <Filter>Source Files</Filter>
    </ClCompile>
    <ClCompile Include="MovieClip\MouseClip.cpp">
      <Filter>Source Files</Filter>
    </ClCompile>
    <ClCompile Include="MovieClip\Animation.cpp">
      <Filter>Source Files</Filter>
    </ClCompile>
    <ClCompile Include="ProcessScheduling\PSScreen.cpp">
      <Filter>Source Files</Filter>
    </ClCompile>
    <ClCompile Include="ProcessScheduling\ProcessClip.cpp">
      <Filter>Source Files</Filter>
    </ClCompile>
    <ClCompile Include="ProcessScheduling\GanttClip.cpp">
      <Filter>Source Files</Filter>
    </ClCompile>
    <ClCompile Include="MovieClip\TextInputClip.cpp">
      <Filter>Source Files</Filter>
    </ClCompile>
    <ClCompile Include="ScreenManagement\WindowManager.cpp">
      <Filter>Source Files</Filter>
    </ClCompile>
    <ClCompile Include="ScreenManagement\MainScreen.cpp">
      <Filter>Source Files</Filter>
    </ClCompile>
    <ClCompile Include="ScreenManagement\Screen.cpp">
      <Filter>Source Files</Filter>
    </ClCompile>
    <ClCompile Include="Deadlock\BKScreen.cpp">
      <Filter>Source Files</Filter>
    </ClCompile>
    <ClCompile Include="Paging\PGScreen.cpp">
      <Filter>Source Files</Filter>
    </ClCompile>
    <ClCompile Include="DiskManagement\DSScreen.cpp">
      <Filter>Source Files</Filter>
    </ClCompile>
  </ItemGroup>
  <ItemGroup>
    <None Include="SDL2.dll" />
    <None Include="zlib1.dll" />
    <None Include="SDL2_ttf.dll" />
    <None Include="SDL2_image.dll" />
    <None Include="libpng16-16.dll" />
    <None Include="libfreetype-6.dll" />
  </ItemGroup>
  <ItemGroup>
    <ClInclude Include="MovieClip\MovieClip.h">
      <Filter>Header Files</Filter>
    </ClInclude>
    <ClInclude Include="MovieClip\LTexture.h">
      <Filter>Header Files</Filter>
    </ClInclude>
    <ClInclude Include="MovieClip\MouseClip.h">
      <Filter>Header Files</Filter>
    </ClInclude>
    <ClInclude Include="ScreenManagement\ScreenType.h">
      <Filter>Header Files</Filter>
    </ClInclude>
    <ClInclude Include="MovieClip\Animation.h">
      <Filter>Header Files</Filter>
    </ClInclude>
    <ClInclude Include="ProcessScheduling\PSScreen.h">
      <Filter>Header Files</Filter>
    </ClInclude>
    <ClInclude Include="ProcessScheduling\ProcessClip.h">
      <Filter>Header Files</Filter>
    </ClInclude>
    <ClInclude Include="ProcessScheduling\GanttClip.h">
      <Filter>Header Files</Filter>
    </ClInclude>
    <ClInclude Include="MovieClip\TextInputClip.h">
      <Filter>Header Files</Filter>
    </ClInclude>
    <ClInclude Include="ScreenManagement\Screen.h">
      <Filter>Header Files</Filter>
    </ClInclude>
    <ClInclude Include="ScreenManagement\WindowManager.h">
      <Filter>Header Files</Filter>
    </ClInclude>
    <ClInclude Include="ScreenManagement\MainScreen.h">
      <Filter>Header Files</Filter>
    </ClInclude>
    <ClInclude Include="Deadlock\BKScreen.h">
      <Filter>Header Files</Filter>
    </ClInclude>
    <ClInclude Include="Paging\PGScreen.h">
      <Filter>Header Files</Filter>
    </ClInclude>
    <ClInclude Include="DiskManagement\DSScreen.h">
      <Filter>Header Files</Filter>
    </ClInclude>
  </ItemGroup>
  <ItemGroup>
    <Image Include="abc.png">
      <Filter>Resource Files</Filter>
    </Image>
  </ItemGroup>
</Project>